
Microsoft Visual Studio Solution File, Format Version 12.00
# Visual Studio Version 17
VisualStudioVersion = 17.4.33110.190
MinimumVisualStudioVersion = 10.0.40219.1
Project("{FAE04EC0-301F-11D3-BF4B-00C04F79EFBC}") = "Exemplo2Git", "Exemplo2Git\Exemplo2Git.csproj", "{472EF54E-EEB4-4621-BC10-7EE1F7471F63}"
EndProject
Global
	GlobalSection(SolutionConfigurationPlatforms) = preSolution
		Debug|Any CPU = Debug|Any CPU
		Release|Any CPU = Release|Any CPU
	EndGlobalSection
	GlobalSection(ProjectConfigurationPlatforms) = postSolution
		{472EF54E-EEB4-4621-BC10-7EE1F7471F63}.Debug|Any CPU.ActiveCfg = Debug|Any CPU
		{472EF54E-EEB4-4621-BC10-7EE1F7471F63}.Debug|Any CPU.Build.0 = Debug|Any CPU
		{472EF54E-EEB4-4621-BC10-7EE1F7471F63}.Release|Any CPU.ActiveCfg = Release|Any CPU
		{472EF54E-EEB4-4621-BC10-7EE1F7471F63}.Release|Any CPU.Build.0 = Release|Any CPU
	EndGlobalSection
	GlobalSection(SolutionProperties) = preSolution
		HideSolutionNode = FALSE
	EndGlobalSection
	GlobalSection(ExtensibilityGlobals) = postSolution
		SolutionGuid = {171ED9E8-9F6C-421C-846C-A83873281BF7}
	EndGlobalSection
EndGlobal
